// !$*UTF8*$!
{
	archiveVersion = 1;
	classes = {
	};
	objectVersion = 55;
	objects = {

/* Begin PBXBuildFile section */
		36A202BE2926F1A30061DBE1 /* TMDBApp.swift in Sources */ = {isa = PBXBuildFile; fileRef = 36A202BD2926F1A30061DBE1 /* TMDBApp.swift */; };
		36A202C02926F1A30061DBE1 /* ContentView.swift in Sources */ = {isa = PBXBuildFile; fileRef = 36A202BF2926F1A30061DBE1 /* ContentView.swift */; };
		36A202C22926F1A50061DBE1 /* Assets.xcassets in Resources */ = {isa = PBXBuildFile; fileRef = 36A202C12926F1A50061DBE1 /* Assets.xcassets */; };
		36A202C52926F1A50061DBE1 /* Preview Assets.xcassets in Resources */ = {isa = PBXBuildFile; fileRef = 36A202C42926F1A50061DBE1 /* Preview Assets.xcassets */; };
		36A202CF2926F1A60061DBE1 /* TMDBTests.swift in Sources */ = {isa = PBXBuildFile; fileRef = 36A202CE2926F1A60061DBE1 /* TMDBTests.swift */; };
		36A202D92926F1A60061DBE1 /* TMDBUITests.swift in Sources */ = {isa = PBXBuildFile; fileRef = 36A202D82926F1A60061DBE1 /* TMDBUITests.swift */; };
		36A202DB2926F1A60061DBE1 /* TMDBUITestsLaunchTests.swift in Sources */ = {isa = PBXBuildFile; fileRef = 36A202DA2926F1A60061DBE1 /* TMDBUITestsLaunchTests.swift */; };
		36A75EC12926F50000A108CB /* API_Key.swift in Sources */ = {isa = PBXBuildFile; fileRef = 36A75EC02926F4FF00A108CB /* API_Key.swift */; };
		36A75EC32926F54400A108CB /* MoviesList.swift in Sources */ = {isa = PBXBuildFile; fileRef = 36A75EC22926F54400A108CB /* MoviesList.swift */; };
		36A75EC72926F62200A108CB /* ViewModel.swift in Sources */ = {isa = PBXBuildFile; fileRef = 36A75EC62926F62200A108CB /* ViewModel.swift */; };
		36A75EC92927068E00A108CB /* MovieDetailed.swift in Sources */ = {isa = PBXBuildFile; fileRef = 36A75EC82927068E00A108CB /* MovieDetailed.swift */; };
/* End PBXBuildFile section */

/* Begin PBXContainerItemProxy section */
		36A202CB2926F1A60061DBE1 /* PBXContainerItemProxy */ = {
			isa = PBXContainerItemProxy;
			containerPortal = 36A202B22926F1A30061DBE1 /* Project object */;
			proxyType = 1;
			remoteGlobalIDString = 36A202B92926F1A30061DBE1;
			remoteInfo = TMDB;
		};
		36A202D52926F1A60061DBE1 /* PBXContainerItemProxy */ = {
			isa = PBXContainerItemProxy;
			containerPortal = 36A202B22926F1A30061DBE1 /* Project object */;
			proxyType = 1;
			remoteGlobalIDString = 36A202B92926F1A30061DBE1;
			remoteInfo = TMDB;
		};
/* End PBXContainerItemProxy section */

/* Begin PBXFileReference section */
		36A202BA2926F1A30061DBE1 /* TMDB.app */ = {isa = PBXFileReference; explicitFileType = wrapper.application; includeInIndex = 0; path = TMDB.app; sourceTree = BUILT_PRODUCTS_DIR; };
		36A202BD2926F1A30061DBE1 /* TMDBApp.swift */ = {isa = PBXFileReference; lastKnownFileType = sourcecode.swift; path = TMDBApp.swift; sourceTree = "<group>"; };
		36A202BF2926F1A30061DBE1 /* ContentView.swift */ = {isa = PBXFileReference; lastKnownFileType = sourcecode.swift; path = ContentView.swift; sourceTree = "<group>"; };
		36A202C12926F1A50061DBE1 /* Assets.xcassets */ = {isa = PBXFileReference; lastKnownFileType = folder.assetcatalog; path = Assets.xcassets; sourceTree = "<group>"; };
		36A202C42926F1A50061DBE1 /* Preview Assets.xcassets */ = {isa = PBXFileReference; lastKnownFileType = folder.assetcatalog; path = "Preview Assets.xcassets"; sourceTree = "<group>"; };
		36A202CA2926F1A60061DBE1 /* TMDBTests.xctest */ = {isa = PBXFileReference; explicitFileType = wrapper.cfbundle; includeInIndex = 0; path = TMDBTests.xctest; sourceTree = BUILT_PRODUCTS_DIR; };
		36A202CE2926F1A60061DBE1 /* TMDBTests.swift */ = {isa = PBXFileReference; lastKnownFileType = sourcecode.swift; path = TMDBTests.swift; sourceTree = "<group>"; };
		36A202D42926F1A60061DBE1 /* TMDBUITests.xctest */ = {isa = PBXFileReference; explicitFileType = wrapper.cfbundle; includeInIndex = 0; path = TMDBUITests.xctest; sourceTree = BUILT_PRODUCTS_DIR; };
		36A202D82926F1A60061DBE1 /* TMDBUITests.swift */ = {isa = PBXFileReference; lastKnownFileType = sourcecode.swift; path = TMDBUITests.swift; sourceTree = "<group>"; };
		36A202DA2926F1A60061DBE1 /* TMDBUITestsLaunchTests.swift */ = {isa = PBXFileReference; lastKnownFileType = sourcecode.swift; path = TMDBUITestsLaunchTests.swift; sourceTree = "<group>"; };
		36A75EC02926F4FF00A108CB /* API_Key.swift */ = {isa = PBXFileReference; lastKnownFileType = sourcecode.swift; path = API_Key.swift; sourceTree = "<group>"; };
		36A75EC22926F54400A108CB /* MoviesList.swift */ = {isa = PBXFileReference; lastKnownFileType = sourcecode.swift; path = MoviesList.swift; sourceTree = "<group>"; };
		36A75EC62926F62200A108CB /* ViewModel.swift */ = {isa = PBXFileReference; lastKnownFileType = sourcecode.swift; path = ViewModel.swift; sourceTree = "<group>"; };
		36A75EC82927068E00A108CB /* MovieDetailed.swift */ = {isa = PBXFileReference; lastKnownFileType = sourcecode.swift; path = MovieDetailed.swift; sourceTree = "<group>"; };
/* End PBXFileReference section */

/* Begin PBXFrameworksBuildPhase section */
		36A202B72926F1A30061DBE1 /* Frameworks */ = {
			isa = PBXFrameworksBuildPhase;
			buildActionMask = 2147483647;
			files = (
			);
			runOnlyForDeploymentPostprocessing = 0;
		};
		36A202C72926F1A60061DBE1 /* Frameworks */ = {
			isa = PBXFrameworksBuildPhase;
			buildActionMask = 2147483647;
			files = (
			);
			runOnlyForDeploymentPostprocessing = 0;
		};
		36A202D12926F1A60061DBE1 /* Frameworks */ = {
			isa = PBXFrameworksBuildPhase;
			buildActionMask = 2147483647;
			files = (
			);
			runOnlyForDeploymentPostprocessing = 0;
		};
/* End PBXFrameworksBuildPhase section */

/* Begin PBXGroup section */
		36A202B12926F1A30061DBE1 = {
			isa = PBXGroup;
			children = (
				36A202BC2926F1A30061DBE1 /* TMDB */,
				36A202CD2926F1A60061DBE1 /* TMDBTests */,
				36A202D72926F1A60061DBE1 /* TMDBUITests */,
				36A202BB2926F1A30061DBE1 /* Products */,
			);
			sourceTree = "<group>";
		};
		36A202BB2926F1A30061DBE1 /* Products */ = {
			isa = PBXGroup;
			children = (
				36A202BA2926F1A30061DBE1 /* TMDB.app */,
				36A202CA2926F1A60061DBE1 /* TMDBTests.xctest */,
				36A202D42926F1A60061DBE1 /* TMDBUITests.xctest */,
			);
			name = Products;
			sourceTree = "<group>";
		};
		36A202BC2926F1A30061DBE1 /* TMDB */ = {
			isa = PBXGroup;
			children = (
				36A75EC52926F5F300A108CB /* Data */,
				36A75EC42926F54C00A108CB /* Views */,
				36A202BD2926F1A30061DBE1 /* TMDBApp.swift */,
				36A202BF2926F1A30061DBE1 /* ContentView.swift */,
				36A75EC02926F4FF00A108CB /* API_Key.swift */,
				36A202C12926F1A50061DBE1 /* Assets.xcassets */,
				36A202C32926F1A50061DBE1 /* Preview Content */,
			);
			path = TMDB;
			sourceTree = "<group>";
		};
		36A202C32926F1A50061DBE1 /* Preview Content */ = {
			isa = PBXGroup;
			children = (
				36A202C42926F1A50061DBE1 /* Preview Assets.xcassets */,
			);
			path = "Preview Content";
			sourceTree = "<group>";
		};
		36A202CD2926F1A60061DBE1 /* TMDBTests */ = {
			isa = PBXGroup;
			children = (
				36A202CE2926F1A60061DBE1 /* TMDBTests.swift */,
			);
			path = TMDBTests;
			sourceTree = "<group>";
		};
		36A202D72926F1A60061DBE1 /* TMDBUITests */ = {
			isa = PBXGroup;
			children = (
				36A202D82926F1A60061DBE1 /* TMDBUITests.swift */,
				36A202DA2926F1A60061DBE1 /* TMDBUITestsLaunchTests.swift */,
			);
			path = TMDBUITests;
			sourceTree = "<group>";
		};
		36A75EC42926F54C00A108CB /* Views */ = {
			isa = PBXGroup;
			children = (
				36A75EC22926F54400A108CB /* MoviesList.swift */,
				36A75EC82927068E00A108CB /* MovieDetailed.swift */,
			);
			path = Views;
			sourceTree = "<group>";
		};
		36A75EC52926F5F300A108CB /* Data */ = {
			isa = PBXGroup;
			children = (
				36A75EC62926F62200A108CB /* ViewModel.swift */,
			);
			path = Data;
			sourceTree = "<group>";
		};
/* End PBXGroup section */

/* Begin PBXNativeTarget section */
		36A202B92926F1A30061DBE1 /* TMDB */ = {
			isa = PBXNativeTarget;
			buildConfigurationList = 36A202DE2926F1A60061DBE1 /* Build configuration list for PBXNativeTarget "TMDB" */;
			buildPhases = (
				36A202B62926F1A30061DBE1 /* Sources */,
				36A202B72926F1A30061DBE1 /* Frameworks */,
				36A202B82926F1A30061DBE1 /* Resources */,
			);
			buildRules = (
			);
			dependencies = (
			);
			name = TMDB;
			productName = TMDB;
			productReference = 36A202BA2926F1A30061DBE1 /* TMDB.app */;
			productType = "com.apple.product-type.application";
		};
		36A202C92926F1A60061DBE1 /* TMDBTests */ = {
			isa = PBXNativeTarget;
			buildConfigurationList = 36A202E12926F1A60061DBE1 /* Build configuration list for PBXNativeTarget "TMDBTests" */;
			buildPhases = (
				36A202C62926F1A60061DBE1 /* Sources */,
				36A202C72926F1A60061DBE1 /* Frameworks */,
				36A202C82926F1A60061DBE1 /* Resources */,
			);
			buildRules = (
			);
			dependencies = (
				36A202CC2926F1A60061DBE1 /* PBXTargetDependency */,
			);
			name = TMDBTests;
			productName = TMDBTests;
			productReference = 36A202CA2926F1A60061DBE1 /* TMDBTests.xctest */;
			productType = "com.apple.product-type.bundle.unit-test";
		};
		36A202D32926F1A60061DBE1 /* TMDBUITests */ = {
			isa = PBXNativeTarget;
			buildConfigurationList = 36A202E42926F1A60061DBE1 /* Build configuration list for PBXNativeTarget "TMDBUITests" */;
			buildPhases = (
				36A202D02926F1A60061DBE1 /* Sources */,
				36A202D12926F1A60061DBE1 /* Frameworks */,
				36A202D22926F1A60061DBE1 /* Resources */,
			);
			buildRules = (
			);
			dependencies = (
				36A202D62926F1A60061DBE1 /* PBXTargetDependency */,
			);
			name = TMDBUITests;
			productName = TMDBUITests;
			productReference = 36A202D42926F1A60061DBE1 /* TMDBUITests.xctest */;
			productType = "com.apple.product-type.bundle.ui-testing";
		};
/* End PBXNativeTarget section */

/* Begin PBXProject section */
		36A202B22926F1A30061DBE1 /* Project object */ = {
			isa = PBXProject;
			attributes = {
				BuildIndependentTargetsInParallel = 1;
				LastSwiftUpdateCheck = 1340;
				LastUpgradeCheck = 1340;
				TargetAttributes = {
					36A202B92926F1A30061DBE1 = {
						CreatedOnToolsVersion = 13.4.1;
					};
					36A202C92926F1A60061DBE1 = {
						CreatedOnToolsVersion = 13.4.1;
						TestTargetID = 36A202B92926F1A30061DBE1;
					};
					36A202D32926F1A60061DBE1 = {
						CreatedOnToolsVersion = 13.4.1;
						TestTargetID = 36A202B92926F1A30061DBE1;
					};
				};
			};
			buildConfigurationList = 36A202B52926F1A30061DBE1 /* Build configuration list for PBXProject "TMDB" */;
			compatibilityVersion = "Xcode 13.0";
			developmentRegion = en;
			hasScannedForEncodings = 0;
			knownRegions = (
				en,
				Base,
			);
			mainGroup = 36A202B12926F1A30061DBE1;
			productRefGroup = 36A202BB2926F1A30061DBE1 /* Products */;
			projectDirPath = "";
			projectRoot = "";
			targets = (
				36A202B92926F1A30061DBE1 /* TMDB */,
				36A202C92926F1A60061DBE1 /* TMDBTests */,
				36A202D32926F1A60061DBE1 /* TMDBUITests */,
			);
		};
/* End PBXProject section */

/* Begin PBXResourcesBuildPhase section */
		36A202B82926F1A30061DBE1 /* Resources */ = {
			isa = PBXResourcesBuildPhase;
			buildActionMask = 2147483647;
			files = (
				36A202C52926F1A50061DBE1 /* Preview Assets.xcassets in Resources */,
				36A202C22926F1A50061DBE1 /* Assets.xcassets in Resources */,
			);
			runOnlyForDeploymentPostprocessing = 0;
		};
		36A202C82926F1A60061DBE1 /* Resources */ = {
			isa = PBXResourcesBuildPhase;
			buildActionMask = 2147483647;
			files = (
			);
			runOnlyForDeploymentPostprocessing = 0;
		};
		36A202D22926F1A60061DBE1 /* Resources */ = {
			isa = PBXResourcesBuildPhase;
			buildActionMask = 2147483647;
			files = (
			);
			runOnlyForDeploymentPostprocessing = 0;
		};
/* End PBXResourcesBuildPhase section */

/* Begin PBXSourcesBuildPhase section */
		36A202B62926F1A30061DBE1 /* Sources */ = {
			isa = PBXSourcesBuildPhase;
			buildActionMask = 2147483647;
			files = (
				36A75EC72926F62200A108CB /* ViewModel.swift in Sources */,
				36A202C02926F1A30061DBE1 /* ContentView.swift in Sources */,
				36A75EC12926F50000A108CB /* API_Key.swift in Sources */,
				36A75EC32926F54400A108CB /* MoviesList.swift in Sources */,
				36A75EC92927068E00A108CB /* MovieDetailed.swift in Sources */,
				36A202BE2926F1A30061DBE1 /* TMDBApp.swift in Sources */,
			);
			runOnlyForDeploymentPostprocessing = 0;
		};
		36A202C62926F1A60061DBE1 /* Sources */ = {
			isa = PBXSourcesBuildPhase;
			buildActionMask = 2147483647;
			files = (
				36A202CF2926F1A60061DBE1 /* TMDBTests.swift in Sources */,
			);
			runOnlyForDeploymentPostprocessing = 0;
		};
		36A202D02926F1A60061DBE1 /* Sources */ = {
			isa = PBXSourcesBuildPhase;
			buildActionMask = 2147483647;
			files = (
				36A202D92926F1A60061DBE1 /* TMDBUITests.swift in Sources */,
				36A202DB2926F1A60061DBE1 /* TMDBUITestsLaunchTests.swift in Sources */,
			);
			runOnlyForDeploymentPostprocessing = 0;
		};
/* End PBXSourcesBuildPhase section */

/* Begin PBXTargetDependency section */
		36A202CC2926F1A60061DBE1 /* PBXTargetDependency */ = {
			isa = PBXTargetDependency;
			target = 36A202B92926F1A30061DBE1 /* TMDB */;
			targetProxy = 36A202CB2926F1A60061DBE1 /* PBXContainerItemProxy */;
		};
		36A202D62926F1A60061DBE1 /* PBXTargetDependency */ = {
			isa = PBXTargetDependency;
			target = 36A202B92926F1A30061DBE1 /* TMDB */;
			targetProxy = 36A202D52926F1A60061DBE1 /* PBXContainerItemProxy */;
		};
/* End PBXTargetDependency section */

/* Begin XCBuildConfiguration section */
		36A202DC2926F1A60061DBE1 /* Debug */ = {
			isa = XCBuildConfiguration;
			buildSettings = {
				ALWAYS_SEARCH_USER_PATHS = NO;
				CLANG_ANALYZER_NONNULL = YES;
				CLANG_ANALYZER_NUMBER_OBJECT_CONVERSION = YES_AGGRESSIVE;
				CLANG_CXX_LANGUAGE_STANDARD = "gnu++17";
				CLANG_ENABLE_MODULES = YES;
				CLANG_ENABLE_OBJC_ARC = YES;
				CLANG_ENABLE_OBJC_WEAK = YES;
				CLANG_WARN_BLOCK_CAPTURE_AUTORELEASING = YES;
				CLANG_WARN_BOOL_CONVERSION = YES;
				CLANG_WARN_COMMA = YES;
				CLANG_WARN_CONSTANT_CONVERSION = YES;
				CLANG_WARN_DEPRECATED_OBJC_IMPLEMENTATIONS = YES;
				CLANG_WARN_DIRECT_OBJC_ISA_USAGE = YES_ERROR;
				CLANG_WARN_DOCUMENTATION_COMMENTS = YES;
				CLANG_WARN_EMPTY_BODY = YES;
				CLANG_WARN_ENUM_CONVERSION = YES;
				CLANG_WARN_INFINITE_RECURSION = YES;
				CLANG_WARN_INT_CONVERSION = YES;
				CLANG_WARN_NON_LITERAL_NULL_CONVERSION = YES;
				CLANG_WARN_OBJC_IMPLICIT_RETAIN_SELF = YES;
				CLANG_WARN_OBJC_LITERAL_CONVERSION = YES;
				CLANG_WARN_OBJC_ROOT_CLASS = YES_ERROR;
				CLANG_WARN_QUOTED_INCLUDE_IN_FRAMEWORK_HEADER = YES;
				CLANG_WARN_RANGE_LOOP_ANALYSIS = YES;
				CLANG_WARN_STRICT_PROTOTYPES = YES;
				CLANG_WARN_SUSPICIOUS_MOVE = YES;
				CLANG_WARN_UNGUARDED_AVAILABILITY = YES_AGGRESSIVE;
				CLANG_WARN_UNREACHABLE_CODE = YES;
				CLANG_WARN__DUPLICATE_METHOD_MATCH = YES;
				COPY_PHASE_STRIP = NO;
				DEBUG_INFORMATION_FORMAT = dwarf;
				ENABLE_STRICT_OBJC_MSGSEND = YES;
				ENABLE_TESTABILITY = YES;
				GCC_C_LANGUAGE_STANDARD = gnu11;
				GCC_DYNAMIC_NO_PIC = NO;
				GCC_NO_COMMON_BLOCKS = YES;
				GCC_OPTIMIZATION_LEVEL = 0;
				GCC_PREPROCESSOR_DEFINITIONS = (
					"DEBUG=1",
					"$(inherited)",
				);
				GCC_WARN_64_TO_32_BIT_CONVERSION = YES;
				GCC_WARN_ABOUT_RETURN_TYPE = YES_ERROR;
				GCC_WARN_UNDECLARED_SELECTOR = YES;
				GCC_WARN_UNINITIALIZED_AUTOS = YES_AGGRESSIVE;
				GCC_WARN_UNUSED_FUNCTION = YES;
				GCC_WARN_UNUSED_VARIABLE = YES;
				IPHONEOS_DEPLOYMENT_TARGET = 15.5;
				MTL_ENABLE_DEBUG_INFO = INCLUDE_SOURCE;
				MTL_FAST_MATH = YES;
				ONLY_ACTIVE_ARCH = YES;
				SDKROOT = iphoneos;
				SWIFT_ACTIVE_COMPILATION_CONDITIONS = DEBUG;
				SWIFT_OPTIMIZATION_LEVEL = "-Onone";
			};
			name = Debug;
		};
		36A202DD2926F1A60061DBE1 /* Release */ = {
			isa = XCBuildConfiguration;
			buildSettings = {
				ALWAYS_SEARCH_USER_PATHS = NO;
				CLANG_ANALYZER_NONNULL = YES;
				CLANG_ANALYZER_NUMBER_OBJECT_CONVERSION = YES_AGGRESSIVE;
				CLANG_CXX_LANGUAGE_STANDARD = "gnu++17";
				CLANG_ENABLE_MODULES = YES;
				CLANG_ENABLE_OBJC_ARC = YES;
				CLANG_ENABLE_OBJC_WEAK = YES;
				CLANG_WARN_BLOCK_CAPTURE_AUTORELEASING = YES;
				CLANG_WARN_BOOL_CONVERSION = YES;
				CLANG_WARN_COMMA = YES;
				CLANG_WARN_CONSTANT_CONVERSION = YES;
				CLANG_WARN_DEPRECATED_OBJC_IMPLEMENTATIONS = YES;
				CLANG_WARN_DIRECT_OBJC_ISA_USAGE = YES_ERROR;
				CLANG_WARN_DOCUMENTATION_COMMENTS = YES;
				CLANG_WARN_EMPTY_BODY = YES;
				CLANG_WARN_ENUM_CONVERSION = YES;
				CLANG_WARN_INFINITE_RECURSION = YES;
				CLANG_WARN_INT_CONVERSION = YES;
				CLANG_WARN_NON_LITERAL_NULL_CONVERSION = YES;
				CLANG_WARN_OBJC_IMPLICIT_RETAIN_SELF = YES;
				CLANG_WARN_OBJC_LITERAL_CONVERSION = YES;
				CLANG_WARN_OBJC_ROOT_CLASS = YES_ERROR;
				CLANG_WARN_QUOTED_INCLUDE_IN_FRAMEWORK_HEADER = YES;
				CLANG_WARN_RANGE_LOOP_ANALYSIS = YES;
				CLANG_WARN_STRICT_PROTOTYPES = YES;
				CLANG_WARN_SUSPICIOUS_MOVE = YES;
				CLANG_WARN_UNGUARDED_AVAILABILITY = YES_AGGRESSIVE;
				CLANG_WARN_UNREACHABLE_CODE = YES;
				CLANG_WARN__DUPLICATE_METHOD_MATCH = YES;
				COPY_PHASE_STRIP = NO;
				DEBUG_INFORMATION_FORMAT = "dwarf-with-dsym";
				ENABLE_NS_ASSERTIONS = NO;
				ENABLE_STRICT_OBJC_MSGSEND = YES;
				GCC_C_LANGUAGE_STANDARD = gnu11;
				GCC_NO_COMMON_BLOCKS = YES;
				GCC_WARN_64_TO_32_BIT_CONVERSION = YES;
				GCC_WARN_ABOUT_RETURN_TYPE = YES_ERROR;
				GCC_WARN_UNDECLARED_SELECTOR = YES;
				GCC_WARN_UNINITIALIZED_AUTOS = YES_AGGRESSIVE;
				GCC_WARN_UNUSED_FUNCTION = YES;
				GCC_WARN_UNUSED_VARIABLE = YES;
				IPHONEOS_DEPLOYMENT_TARGET = 15.5;
				MTL_ENABLE_DEBUG_INFO = NO;
				MTL_FAST_MATH = YES;
				SDKROOT = iphoneos;
				SWIFT_COMPILATION_MODE = wholemodule;
				SWIFT_OPTIMIZATION_LEVEL = "-O";
				VALIDATE_PRODUCT = YES;
			};
			name = Release;
		};
		36A202DF2926F1A60061DBE1 /* Debug */ = {
			isa = XCBuildConfiguration;
			buildSettings = {
				ASSETCATALOG_COMPILER_APPICON_NAME = AppIcon;
				ASSETCATALOG_COMPILER_GLOBAL_ACCENT_COLOR_NAME = AccentColor;
				CODE_SIGN_STYLE = Automatic;
				CURRENT_PROJECT_VERSION = 1;
				DEVELOPMENT_ASSET_PATHS = "\"TMDB/Preview Content\"";
				ENABLE_PREVIEWS = YES;
				GENERATE_INFOPLIST_FILE = YES;
				INFOPLIST_KEY_UIApplicationSceneManifest_Generation = YES;
				INFOPLIST_KEY_UIApplicationSupportsIndirectInputEvents = YES;
				INFOPLIST_KEY_UILaunchScreen_Generation = YES;
				INFOPLIST_KEY_UISupportedInterfaceOrientations_iPad = "UIInterfaceOrientationPortrait UIInterfaceOrientationPortraitUpsideDown UIInterfaceOrientationLandscapeLeft UIInterfaceOrientationLandscapeRight";
				INFOPLIST_KEY_UISupportedInterfaceOrientations_iPhone = "UIInterfaceOrientationPortrait UIInterfaceOrientationLandscapeLeft UIInterfaceOrientationLandscapeRight";
				LD_RUNPATH_SEARCH_PATHS = (
					"$(inherited)",
					"@executable_path/Frameworks",
				);
				MARKETING_VERSION = 1.0;
				PRODUCT_BUNDLE_IDENTIFIER = teste.TMDB;
				PRODUCT_NAME = "$(TARGET_NAME)";
				SWIFT_EMIT_LOC_STRINGS = YES;
				SWIFT_VERSION = 5.0;
				TARGETED_DEVICE_FAMILY = "1,2";
			};
			name = Debug;
		};
		36A202E02926F1A60061DBE1 /* Release */ = {
			isa = XCBuildConfiguration;
			buildSettings = {
				ASSETCATALOG_COMPILER_APPICON_NAME = AppIcon;
				ASSETCATALOG_COMPILER_GLOBAL_ACCENT_COLOR_NAME = AccentColor;
				CODE_SIGN_STYLE = Automatic;
				CURRENT_PROJECT_VERSION = 1;
				DEVELOPMENT_ASSET_PATHS = "\"TMDB/Preview Content\"";
				ENABLE_PREVIEWS = YES;
				GENERATE_INFOPLIST_FILE = YES;
				INFOPLIST_KEY_UIApplicationSceneManifest_Generation = YES;
				INFOPLIST_KEY_UIApplicationSupportsIndirectInputEvents = YES;
				INFOPLIST_KEY_UILaunchScreen_Generation = YES;
				INFOPLIST_KEY_UISupportedInterfaceOrientations_iPad = "UIInterfaceOrientationPortrait UIInterfaceOrientationPortraitUpsideDown UIInterfaceOrientationLandscapeLeft UIInterfaceOrientationLandscapeRight";
				INFOPLIST_KEY_UISupportedInterfaceOrientations_iPhone = "UIInterfaceOrientationPortrait UIInterfaceOrientationLandscapeLeft UIInterfaceOrientationLandscapeRight";
				LD_RUNPATH_SEARCH_PATHS = (
					"$(inherited)",
					"@executable_path/Frameworks",
				);
				MARKETING_VERSION = 1.0;
				PRODUCT_BUNDLE_IDENTIFIER = teste.TMDB;
				PRODUCT_NAME = "$(TARGET_NAME)";
				SWIFT_EMIT_LOC_STRINGS = YES;
				SWIFT_VERSION = 5.0;
				TARGETED_DEVICE_FAMILY = "1,2";
			};
			name = Release;
		};
		36A202E22926F1A60061DBE1 /* Debug */ = {
			isa = XCBuildConfiguration;
			buildSettings = {
				ALWAYS_EMBED_SWIFT_STANDARD_LIBRARIES = YES;
				BUNDLE_LOADER = "$(TEST_HOST)";
				CODE_SIGN_STYLE = Automatic;
				CURRENT_PROJECT_VERSION = 1;
				GENERATE_INFOPLIST_FILE = YES;
				IPHONEOS_DEPLOYMENT_TARGET = 15.5;
				MARKETING_VERSION = 1.0;
				PRODUCT_BUNDLE_IDENTIFIER = teste.TMDBTests;
				PRODUCT_NAME = "$(TARGET_NAME)";
				SWIFT_EMIT_LOC_STRINGS = NO;
				SWIFT_VERSION = 5.0;
				TARGETED_DEVICE_FAMILY = "1,2";
				TEST_HOST = "$(BUILT_PRODUCTS_DIR)/TMDB.app/TMDB";
			};
			name = Debug;
		};
		36A202E32926F1A60061DBE1 /* Release */ = {
			isa = XCBuildConfiguration;
			buildSettings = {
				ALWAYS_EMBED_SWIFT_STANDARD_LIBRARIES = YES;
				BUNDLE_LOADER = "$(TEST_HOST)";
				CODE_SIGN_STYLE = Automatic;
				CURRENT_PROJECT_VERSION = 1;
				GENERATE_INFOPLIST_FILE = YES;
				IPHONEOS_DEPLOYMENT_TARGET = 15.5;
				MARKETING_VERSION = 1.0;
				PRODUCT_BUNDLE_IDENTIFIER = teste.TMDBTests;
				PRODUCT_NAME = "$(TARGET_NAME)";
				SWIFT_EMIT_LOC_STRINGS = NO;
				SWIFT_VERSION = 5.0;
				TARGETED_DEVICE_FAMILY = "1,2";
				TEST_HOST = "$(BUILT_PRODUCTS_DIR)/TMDB.app/TMDB";
			};
			name = Release;
		};
		36A202E52926F1A60061DBE1 /* Debug */ = {
			isa = XCBuildConfiguration;
			buildSettings = {
				ALWAYS_EMBED_SWIFT_STANDARD_LIBRARIES = YES;
				CODE_SIGN_STYLE = Automatic;
				CURRENT_PROJECT_VERSION = 1;
				GENERATE_INFOPLIST_FILE = YES;
				MARKETING_VERSION = 1.0;
				PRODUCT_BUNDLE_IDENTIFIER = teste.TMDBUITests;
				PRODUCT_NAME = "$(TARGET_NAME)";
				SWIFT_EMIT_LOC_STRINGS = NO;
				SWIFT_VERSION = 5.0;
				TARGETED_DEVICE_FAMILY = "1,2";
				TEST_TARGET_NAME = TMDB;
			};
			name = Debug;
		};
		36A202E62926F1A60061DBE1 /* Release */ = {
			isa = XCBuildConfiguration;
			buildSettings = {
				ALWAYS_EMBED_SWIFT_STANDARD_LIBRARIES = YES;
				CODE_SIGN_STYLE = Automatic;
				CURRENT_PROJECT_VERSION = 1;
				GENERATE_INFOPLIST_FILE = YES;
				MARKETING_VERSION = 1.0;
				PRODUCT_BUNDLE_IDENTIFIER = teste.TMDBUITests;
				PRODUCT_NAME = "$(TARGET_NAME)";
				SWIFT_EMIT_LOC_STRINGS = NO;
				SWIFT_VERSION = 5.0;
				TARGETED_DEVICE_FAMILY = "1,2";
				TEST_TARGET_NAME = TMDB;
			};
			name = Release;
		};
/* End XCBuildConfiguration section */

/* Begin XCConfigurationList section */
		36A202B52926F1A30061DBE1 /* Build configuration list for PBXProject "TMDB" */ = {
			isa = XCConfigurationList;
			buildConfigurations = (
				36A202DC2926F1A60061DBE1 /* Debug */,
				36A202DD2926F1A60061DBE1 /* Release */,
			);
			defaultConfigurationIsVisible = 0;
			defaultConfigurationName = Release;
		};
		36A202DE2926F1A60061DBE1 /* Build configuration list for PBXNativeTarget "TMDB" */ = {
			isa = XCConfigurationList;
			buildConfigurations = (
				36A202DF2926F1A60061DBE1 /* Debug */,
				36A202E02926F1A60061DBE1 /* Release */,
			);
			defaultConfigurationIsVisible = 0;
			defaultConfigurationName = Release;
		};
		36A202E12926F1A60061DBE1 /* Build configuration list for PBXNativeTarget "TMDBTests" */ = {
			isa = XCConfigurationList;
			buildConfigurations = (
				36A202E22926F1A60061DBE1 /* Debug */,
				36A202E32926F1A60061DBE1 /* Release */,
			);
			defaultConfigurationIsVisible = 0;
			defaultConfigurationName = Release;
		};
		36A202E42926F1A60061DBE1 /* Build configuration list for PBXNativeTarget "TMDBUITests" */ = {
			isa = XCConfigurationList;
			buildConfigurations = (
				36A202E52926F1A60061DBE1 /* Debug */,
				36A202E62926F1A60061DBE1 /* Release */,
			);
			defaultConfigurationIsVisible = 0;
			defaultConfigurationName = Release;
		};
/* End XCConfigurationList section */
	};
	rootObject = 36A202B22926F1A30061DBE1 /* Project object */;
}
